
Microsoft Visual Studio Solution File, Format Version 11.00
# Visual Studio 2010
Project("{FAE04EC0-301F-11D3-BF4B-00C04F79EFBC}") = "ClinImIm.Presentation", "ClinImIm.Presentation\ClinImIm.Presentation.csproj", "{F4A5B705-6599-46DF-92A2-0C348B6ED8CA}"
EndProject
Project("{FAE04EC0-301F-11D3-BF4B-00C04F79EFBC}") = "ClinImIm.Applications", "ClinImIm.Applications\ClinImIm.Applications.csproj", "{E4C00833-CC71-485F-B473-02564906CF62}"
EndProject
Project("{FAE04EC0-301F-11D3-BF4B-00C04F79EFBC}") = "ClinImIm.Applications.Test", "ClinImIm.Applications.Test\ClinImIm.Applications.Test.csproj", "{4BE447CB-B13C-4A63-90A7-69E1DB934178}"
EndProject
Project("{2150E333-8FDC-42A3-9474-1A3956D46DE8}") = "Solution Items", "Solution Items", "{5B5FC052-8D8D-43EC-AB42-D377D91F39F8}"
	ProjectSection(SolutionItems) = preProject
		ClinImIm.vsmdi = ClinImIm.vsmdi
		Local.testsettings = Local.testsettings
		TraceAndTestImpact.testsettings = TraceAndTestImpact.testsettings
	EndProjectSection
EndProject
Project("{FAE04EC0-301F-11D3-BF4B-00C04F79EFBC}") = "ClinImIm.Domain", "ClinImIm.Domain\ClinImIm.Domain.csproj", "{699A8C57-E5ED-477B-AD47-EA81FD2D10E9}"
EndProject
Project("{FAE04EC0-301F-11D3-BF4B-00C04F79EFBC}") = "ClinImIm.Plugin.Contracts", "ClinImIm.Plugin.Contracts\ClinImIm.Plugin.Contracts.csproj", "{BD442DDF-6280-4562-8ACE-222380FA70F5}"
EndProject
Project("{FAE04EC0-301F-11D3-BF4B-00C04F79EFBC}") = "ClinImIm.Plugin.Example", "ClinImIm.Plugin.Example\ClinImIm.Plugin.Example.csproj", "{201AC34E-8998-435C-8DAC-6556B5F4D2FE}"
EndProject
Project("{FAE04EC0-301F-11D3-BF4B-00C04F79EFBC}") = "ClinImIm.Plugin.Example.Test", "ClinImIm.Plugin.Example.Test\ClinImIm.Plugin.Example.Test.csproj", "{3679E84E-1688-404C-B5C3-00D0F8795881}"
EndProject
Project("{2150E333-8FDC-42A3-9474-1A3956D46DE8}") = "PluginExample", "PluginExample", "{A0ABA153-E611-4619-AE94-30DDFC76C7A9}"
EndProject
Global
	GlobalSection(TestCaseManagementSettings) = postSolution
		CategoryFile = ClinImIm.vsmdi
	EndGlobalSection
	GlobalSection(SolutionConfigurationPlatforms) = preSolution
		Debug|Any CPU = Debug|Any CPU
		Debug|Mixed Platforms = Debug|Mixed Platforms
		Debug|x86 = Debug|x86
		Release|Any CPU = Release|Any CPU
		Release|Mixed Platforms = Release|Mixed Platforms
		Release|x86 = Release|x86
	EndGlobalSection
	GlobalSection(ProjectConfigurationPlatforms) = postSolution
		{F4A5B705-6599-46DF-92A2-0C348B6ED8CA}.Debug|Any CPU.ActiveCfg = Debug|x86
		{F4A5B705-6599-46DF-92A2-0C348B6ED8CA}.Debug|Mixed Platforms.ActiveCfg = Debug|x86
		{F4A5B705-6599-46DF-92A2-0C348B6ED8CA}.Debug|Mixed Platforms.Build.0 = Debug|x86
		{F4A5B705-6599-46DF-92A2-0C348B6ED8CA}.Debug|x86.ActiveCfg = Debug|x86
		{F4A5B705-6599-46DF-92A2-0C348B6ED8CA}.Debug|x86.Build.0 = Debug|x86
		{F4A5B705-6599-46DF-92A2-0C348B6ED8CA}.Release|Any CPU.ActiveCfg = Release|x86
		{F4A5B705-6599-46DF-92A2-0C348B6ED8CA}.Release|Mixed Platforms.ActiveCfg = Release|x86
		{F4A5B705-6599-46DF-92A2-0C348B6ED8CA}.Release|Mixed Platforms.Build.0 = Release|x86
		{F4A5B705-6599-46DF-92A2-0C348B6ED8CA}.Release|x86.ActiveCfg = Release|x86
		{F4A5B705-6599-46DF-92A2-0C348B6ED8CA}.Release|x86.Build.0 = Release|x86
		{E4C00833-CC71-485F-B473-02564906CF62}.Debug|Any CPU.ActiveCfg = Debug|Any CPU
		{E4C00833-CC71-485F-B473-02564906CF62}.Debug|Any CPU.Build.0 = Debug|Any CPU
		{E4C00833-CC71-485F-B473-02564906CF62}.Debug|Mixed Platforms.ActiveCfg = Debug|Any CPU
		{E4C00833-CC71-485F-B473-02564906CF62}.Debug|Mixed Platforms.Build.0 = Debug|Any CPU
		{E4C00833-CC71-485F-B473-02564906CF62}.Debug|x86.ActiveCfg = Debug|Any CPU
		{E4C00833-CC71-485F-B473-02564906CF62}.Release|Any CPU.ActiveCfg = Release|Any CPU
		{E4C00833-CC71-485F-B473-02564906CF62}.Release|Any CPU.Build.0 = Release|Any CPU
		{E4C00833-CC71-485F-B473-02564906CF62}.Release|Mixed Platforms.ActiveCfg = Release|Any CPU
		{E4C00833-CC71-485F-B473-02564906CF62}.Release|Mixed Platforms.Build.0 = Release|Any CPU
		{E4C00833-CC71-485F-B473-02564906CF62}.Release|x86.ActiveCfg = Release|Any CPU
		{4BE447CB-B13C-4A63-90A7-69E1DB934178}.Debug|Any CPU.ActiveCfg = Debug|Any CPU
		{4BE447CB-B13C-4A63-90A7-69E1DB934178}.Debug|Any CPU.Build.0 = Debug|Any CPU
		{4BE447CB-B13C-4A63-90A7-69E1DB934178}.Debug|Mixed Platforms.ActiveCfg = Debug|Any CPU
		{4BE447CB-B13C-4A63-90A7-69E1DB934178}.Debug|Mixed Platforms.Build.0 = Debug|Any CPU
		{4BE447CB-B13C-4A63-90A7-69E1DB934178}.Debug|x86.ActiveCfg = Debug|Any CPU
		{4BE447CB-B13C-4A63-90A7-69E1DB934178}.Release|Any CPU.ActiveCfg = Release|Any CPU
		{4BE447CB-B13C-4A63-90A7-69E1DB934178}.Release|Any CPU.Build.0 = Release|Any CPU
		{4BE447CB-B13C-4A63-90A7-69E1DB934178}.Release|Mixed Platforms.ActiveCfg = Release|Any CPU
		{4BE447CB-B13C-4A63-90A7-69E1DB934178}.Release|Mixed Platforms.Build.0 = Release|Any CPU
		{4BE447CB-B13C-4A63-90A7-69E1DB934178}.Release|x86.ActiveCfg = Release|Any CPU
		{699A8C57-E5ED-477B-AD47-EA81FD2D10E9}.Debug|Any CPU.ActiveCfg = Debug|Any CPU
		{699A8C57-E5ED-477B-AD47-EA81FD2D10E9}.Debug|Any CPU.Build.0 = Debug|Any CPU
		{699A8C57-E5ED-477B-AD47-EA81FD2D10E9}.Debug|Mixed Platforms.ActiveCfg = Debug|Any CPU
		{699A8C57-E5ED-477B-AD47-EA81FD2D10E9}.Debug|Mixed Platforms.Build.0 = Debug|Any CPU
		{699A8C57-E5ED-477B-AD47-EA81FD2D10E9}.Debug|x86.ActiveCfg = Debug|Any CPU
		{699A8C57-E5ED-477B-AD47-EA81FD2D10E9}.Release|Any CPU.ActiveCfg = Release|Any CPU
		{699A8C57-E5ED-477B-AD47-EA81FD2D10E9}.Release|Any CPU.Build.0 = Release|Any CPU
		{699A8C57-E5ED-477B-AD47-EA81FD2D10E9}.Release|Mixed Platforms.ActiveCfg = Release|Any CPU
		{699A8C57-E5ED-477B-AD47-EA81FD2D10E9}.Release|Mixed Platforms.Build.0 = Release|Any CPU
		{699A8C57-E5ED-477B-AD47-EA81FD2D10E9}.Release|x86.ActiveCfg = Release|Any CPU
		{BD442DDF-6280-4562-8ACE-222380FA70F5}.Debug|Any CPU.ActiveCfg = Debug|Any CPU
		{BD442DDF-6280-4562-8ACE-222380FA70F5}.Debug|Any CPU.Build.0 = Debug|Any CPU
		{BD442DDF-6280-4562-8ACE-222380FA70F5}.Debug|Mixed Platforms.ActiveCfg = Debug|Any CPU
		{BD442DDF-6280-4562-8ACE-222380FA70F5}.Debug|Mixed Platforms.Build.0 = Debug|Any CPU
		{BD442DDF-6280-4562-8ACE-222380FA70F5}.Debug|x86.ActiveCfg = Debug|Any CPU
		{BD442DDF-6280-4562-8ACE-222380FA70F5}.Release|Any CPU.ActiveCfg = Release|Any CPU
		{BD442DDF-6280-4562-8ACE-222380FA70F5}.Release|Any CPU.Build.0 = Release|Any CPU
		{BD442DDF-6280-4562-8ACE-222380FA70F5}.Release|Mixed Platforms.ActiveCfg = Release|Any CPU
		{BD442DDF-6280-4562-8ACE-222380FA70F5}.Release|Mixed Platforms.Build.0 = Release|Any CPU
		{BD442DDF-6280-4562-8ACE-222380FA70F5}.Release|x86.ActiveCfg = Release|Any CPU
		{201AC34E-8998-435C-8DAC-6556B5F4D2FE}.Debug|Any CPU.ActiveCfg = Debug|Any CPU
		{201AC34E-8998-435C-8DAC-6556B5F4D2FE}.Debug|Any CPU.Build.0 = Debug|Any CPU
		{201AC34E-8998-435C-8DAC-6556B5F4D2FE}.Debug|Mixed Platforms.ActiveCfg = Debug|Any CPU
		{201AC34E-8998-435C-8DAC-6556B5F4D2FE}.Debug|Mixed Platforms.Build.0 = Debug|Any CPU
		{201AC34E-8998-435C-8DAC-6556B5F4D2FE}.Debug|x86.ActiveCfg = Debug|Any CPU
		{201AC34E-8998-435C-8DAC-6556B5F4D2FE}.Release|Any CPU.ActiveCfg = Release|Any CPU
		{201AC34E-8998-435C-8DAC-6556B5F4D2FE}.Release|Any CPU.Build.0 = Release|Any CPU
		{201AC34E-8998-435C-8DAC-6556B5F4D2FE}.Release|Mixed Platforms.ActiveCfg = Release|Any CPU
		{201AC34E-8998-435C-8DAC-6556B5F4D2FE}.Release|Mixed Platforms.Build.0 = Release|Any CPU
		{201AC34E-8998-435C-8DAC-6556B5F4D2FE}.Release|x86.ActiveCfg = Release|Any CPU
		{3679E84E-1688-404C-B5C3-00D0F8795881}.Debug|Any CPU.ActiveCfg = Debug|Any CPU
		{3679E84E-1688-404C-B5C3-00D0F8795881}.Debug|Any CPU.Build.0 = Debug|Any CPU
		{3679E84E-1688-404C-B5C3-00D0F8795881}.Debug|Mixed Platforms.ActiveCfg = Debug|Any CPU
		{3679E84E-1688-404C-B5C3-00D0F8795881}.Debug|Mixed Platforms.Build.0 = Debug|Any CPU
		{3679E84E-1688-404C-B5C3-00D0F8795881}.Debug|x86.ActiveCfg = Debug|Any CPU
		{3679E84E-1688-404C-B5C3-00D0F8795881}.Release|Any CPU.ActiveCfg = Release|Any CPU
		{3679E84E-1688-404C-B5C3-00D0F8795881}.Release|Any CPU.Build.0 = Release|Any CPU
		{3679E84E-1688-404C-B5C3-00D0F8795881}.Release|Mixed Platforms.ActiveCfg = Release|Any CPU
		{3679E84E-1688-404C-B5C3-00D0F8795881}.Release|Mixed Platforms.Build.0 = Release|Any CPU
		{3679E84E-1688-404C-B5C3-00D0F8795881}.Release|x86.ActiveCfg = Release|Any CPU
	EndGlobalSection
	GlobalSection(SolutionProperties) = preSolution
		HideSolutionNode = FALSE
	EndGlobalSection
	GlobalSection(NestedProjects) = preSolution
		{3679E84E-1688-404C-B5C3-00D0F8795881} = {A0ABA153-E611-4619-AE94-30DDFC76C7A9}
		{201AC34E-8998-435C-8DAC-6556B5F4D2FE} = {A0ABA153-E611-4619-AE94-30DDFC76C7A9}
	EndGlobalSection
EndGlobal
